
Microsoft Visual Studio Solution File, Format Version 12.00
# Visual Studio Version 16
VisualStudioVersion = 16.0.30011.22
MinimumVisualStudioVersion = 10.0.40219.1
Project("{8BC9CEB8-8B4A-11D0-8D11-00A0C91BC942}") = "k-nearest-neighbours", "k-nearest-neighbours.vcxproj", "{5121E4EF-4713-4D8B-AF80-23629F5305BC}"
EndProject
Global
	GlobalSection(SolutionConfigurationPlatforms) = preSolution
		Debug|x64 = Debug|x64
		Debug|x86 = Debug|x86
		Release|x64 = Release|x64
		Release|x86 = Release|x86
	EndGlobalSection
	GlobalSection(ProjectConfigurationPlatforms) = postSolution
		{5121E4EF-4713-4D8B-AF80-23629F5305BC}.Debug|x64.ActiveCfg = Debug|x64
		{5121E4EF-4713-4D8B-AF80-23629F5305BC}.Debug|x64.Build.0 = Debug|x64
		{5121E4EF-4713-4D8B-AF80-23629F5305BC}.Debug|x86.ActiveCfg = Debug|Win32
		{5121E4EF-4713-4D8B-AF80-23629F5305BC}.Debug|x86.Build.0 = Debug|Win32
		{5121E4EF-4713-4D8B-AF80-23629F5305BC}.Release|x64.ActiveCfg = Release|x64
		{5121E4EF-4713-4D8B-AF80-23629F5305BC}.Release|x64.Build.0 = Release|x64
		{5121E4EF-4713-4D8B-AF80-23629F5305BC}.Release|x86.ActiveCfg = Release|Win32
		{5121E4EF-4713-4D8B-AF80-23629F5305BC}.Release|x86.Build.0 = Release|Win32
	EndGlobalSection
	GlobalSection(SolutionProperties) = preSolution
		HideSolutionNode = FALSE
	EndGlobalSection
	GlobalSection(ExtensibilityGlobals) = postSolution
		SolutionGuid = {97301BB0-6867-4E19-BBB1-241C3749CE49}
	EndGlobalSection
EndGlobal
